// !$*UTF8*$!
{
	archiveVersion = 1;
	classes = {
	};
	objectVersion = 46;
	objects = {

/* Begin PBXBuildFile section */
		82250E621C7631F900DEEEB5 /* main.c in Sources */ = {isa = PBXBuildFile; fileRef = 82250E611C7631F900DEEEB5 /* main.c */; };
		82250E691C76324200DEEEB5 /* cliente.c in Sources */ = {isa = PBXBuildFile; fileRef = 82250E681C76324200DEEEB5 /* cliente.c */; };
/* End PBXBuildFile section */

/* Begin PBXCopyFilesBuildPhase section */
		82250E5C1C7631F900DEEEB5 /* CopyFiles */ = {
			isa = PBXCopyFilesBuildPhase;
			buildActionMask = 2147483647;
			dstPath = /usr/share/man/man1/;
			dstSubfolderSpec = 0;
			files = (
			);
			runOnlyForDeploymentPostprocessing = 1;
		};
/* End PBXCopyFilesBuildPhase section */

/* Begin PBXFileReference section */
		82250E5E1C7631F900DEEEB5 /* ejercicios_sockets3 */ = {isa = PBXFileReference; explicitFileType = "compiled.mach-o.executable"; includeInIndex = 0; path = ejercicios_sockets3; sourceTree = BUILT_PRODUCTS_DIR; };
		82250E611C7631F900DEEEB5 /* main.c */ = {isa = PBXFileReference; lastKnownFileType = sourcecode.c.c; path = main.c; sourceTree = "<group>"; };
		82250E681C76324200DEEEB5 /* cliente.c */ = {isa = PBXFileReference; fileEncoding = 4; lastKnownFileType = sourcecode.c.c; path = cliente.c; sourceTree = "<group>"; };
/* End PBXFileReference section */

/* Begin PBXFrameworksBuildPhase section */
		82250E5B1C7631F900DEEEB5 /* Frameworks */ = {
			isa = PBXFrameworksBuildPhase;
			buildActionMask = 2147483647;
			files = (
			);
			runOnlyForDeploymentPostprocessing = 0;
		};
/* End PBXFrameworksBuildPhase section */

/* Begin PBXGroup section */
		82250E551C7631F900DEEEB5 = {
			isa = PBXGroup;
			children = (
				82250E601C7631F900DEEEB5 /* ejercicios_sockets3 */,
				82250E5F1C7631F900DEEEB5 /* Products */,
			);
			sourceTree = "<group>";
		};
		82250E5F1C7631F900DEEEB5 /* Products */ = {
			isa = PBXGroup;
			children = (
				82250E5E1C7631F900DEEEB5 /* ejercicios_sockets3 */,
			);
			name = Products;
			sourceTree = "<group>";
		};
		82250E601C7631F900DEEEB5 /* ejercicios_sockets3 */ = {
			isa = PBXGroup;
			children = (
				82250E611C7631F900DEEEB5 /* main.c */,
				82250E681C76324200DEEEB5 /* cliente.c */,
			);
			path = ejercicios_sockets3;
			sourceTree = "<group>";
		};
/* End PBXGroup section */

/* Begin PBXNativeTarget section */
		82250E5D1C7631F900DEEEB5 /* ejercicios_sockets3 */ = {
			isa = PBXNativeTarget;
			buildConfigurationList = 82250E651C7631F900DEEEB5 /* Build configuration list for PBXNativeTarget "ejercicios_sockets3" */;
			buildPhases = (
				82250E5A1C7631F900DEEEB5 /* Sources */,
				82250E5B1C7631F900DEEEB5 /* Frameworks */,
				82250E5C1C7631F900DEEEB5 /* CopyFiles */,
			);
			buildRules = (
			);
			dependencies = (
			);
			name = ejercicios_sockets3;
			productName = ejercicios_sockets3;
			productReference = 82250E5E1C7631F900DEEEB5 /* ejercicios_sockets3 */;
			productType = "com.apple.product-type.tool";
		};
/* End PBXNativeTarget section */

/* Begin PBXProject section */
		82250E561C7631F900DEEEB5 /* Project object */ = {
			isa = PBXProject;
			attributes = {
				LastUpgradeCheck = 0720;
				ORGANIZATIONNAME = "Alejandro Herce";
				TargetAttributes = {
					82250E5D1C7631F900DEEEB5 = {
						CreatedOnToolsVersion = 7.2;
					};
				};
			};
			buildConfigurationList = 82250E591C7631F900DEEEB5 /* Build configuration list for PBXProject "ejercicios_sockets3" */;
			compatibilityVersion = "Xcode 3.2";
			developmentRegion = English;
			hasScannedForEncodings = 0;
			knownRegions = (
				en,
			);
			mainGroup = 82250E551C7631F900DEEEB5;
			productRefGroup = 82250E5F1C7631F900DEEEB5 /* Products */;
			projectDirPath = "";
			projectRoot = "";
			targets = (
				82250E5D1C7631F900DEEEB5 /* ejercicios_sockets3 */,
			);
		};
/* End PBXProject section */

/* Begin PBXSourcesBuildPhase section */
		82250E5A1C7631F900DEEEB5 /* Sources */ = {
			isa = PBXSourcesBuildPhase;
			buildActionMask = 2147483647;
			files = (
				82250E691C76324200DEEEB5 /* cliente.c in Sources */,
				82250E621C7631F900DEEEB5 /* main.c in Sources */,
			);
			runOnlyForDeploymentPostprocessing = 0;
		};
/* End PBXSourcesBuildPhase section */

/* Begin XCBuildConfiguration section */
		82250E631C7631F900DEEEB5 /* Debug */ = {
			isa = XCBuildConfiguration;
			buildSettings = {
				ALWAYS_SEARCH_USER_PATHS = NO;
				CLANG_CXX_LANGUAGE_STANDARD = "gnu++0x";
				CLANG_CXX_LIBRARY = "libc++";
				CLANG_ENABLE_MODULES = YES;
				CLANG_ENABLE_OBJC_ARC = YES;
				CLANG_WARN_BOOL_CONVERSION = YES;
				CLANG_WARN_CONSTANT_CONVERSION = YES;
				CLANG_WARN_DIRECT_OBJC_ISA_USAGE = YES_ERROR;
				CLANG_WARN_EMPTY_BODY = YES;
				CLANG_WARN_ENUM_CONVERSION = YES;
				CLANG_WARN_INT_CONVERSION = YES;
				CLANG_WARN_OBJC_ROOT_CLASS = YES_ERROR;
				CLANG_WARN_UNREACHABLE_CODE = YES;
				CLANG_WARN__DUPLICATE_METHOD_MATCH = YES;
				CODE_SIGN_IDENTITY = "-";
				COPY_PHASE_STRIP = NO;
				DEBUG_INFORMATION_FORMAT = dwarf;
				ENABLE_STRICT_OBJC_MSGSEND = YES;
				ENABLE_TESTABILITY = YES;
				GCC_C_LANGUAGE_STANDARD = gnu99;
				GCC_DYNAMIC_NO_PIC = NO;
				GCC_NO_COMMON_BLOCKS = YES;
				GCC_OPTIMIZATION_LEVEL = 0;
				GCC_PREPROCESSOR_DEFINITIONS = (
					"DEBUG=1",
					"$(inherited)",
				);
				GCC_WARN_64_TO_32_BIT_CONVERSION = YES;
				GCC_WARN_ABOUT_RETURN_TYPE = YES_ERROR;
				GCC_WARN_UNDECLARED_SELECTOR = YES;
				GCC_WARN_UNINITIALIZED_AUTOS = YES_AGGRESSIVE;
				GCC_WARN_UNUSED_FUNCTION = YES;
				GCC_WARN_UNUSED_VARIABLE = YES;
				MACOSX_DEPLOYMENT_TARGET = 10.11;
				MTL_ENABLE_DEBUG_INFO = YES;
				ONLY_ACTIVE_ARCH = YES;
				SDKROOT = macosx;
			};
			name = Debug;
		};
		82250E641C7631F900DEEEB5 /* Release */ = {
			isa = XCBuildConfiguration;
			buildSettings = {
				ALWAYS_SEARCH_USER_PATHS = NO;
				CLANG_CXX_LANGUAGE_STANDARD = "gnu++0x";
				CLANG_CXX_LIBRARY = "libc++";
				CLANG_ENABLE_MODULES = YES;
				CLANG_ENABLE_OBJC_ARC = YES;
				CLANG_WARN_BOOL_CONVERSION = YES;
				CLANG_WARN_CONSTANT_CONVERSION = YES;
				CLANG_WARN_DIRECT_OBJC_ISA_USAGE = YES_ERROR;
				CLANG_WARN_EMPTY_BODY = YES;
				CLANG_WARN_ENUM_CONVERSION = YES;
				CLANG_WARN_INT_CONVERSION = YES;
				CLANG_WARN_OBJC_ROOT_CLASS = YES_ERROR;
				CLANG_WARN_UNREACHABLE_CODE = YES;
				CLANG_WARN__DUPLICATE_METHOD_MATCH = YES;
				CODE_SIGN_IDENTITY = "-";
				COPY_PHASE_STRIP = NO;
				DEBUG_INFORMATION_FORMAT = "dwarf-with-dsym";
				ENABLE_NS_ASSERTIONS = NO;
				ENABLE_STRICT_OBJC_MSGSEND = YES;
				GCC_C_LANGUAGE_STANDARD = gnu99;
				GCC_NO_COMMON_BLOCKS = YES;
				GCC_WARN_64_TO_32_BIT_CONVERSION = YES;
				GCC_WARN_ABOUT_RETURN_TYPE = YES_ERROR;
				GCC_WARN_UNDECLARED_SELECTOR = YES;
				GCC_WARN_UNINITIALIZED_AUTOS = YES_AGGRESSIVE;
				GCC_WARN_UNUSED_FUNCTION = YES;
				GCC_WARN_UNUSED_VARIABLE = YES;
				MACOSX_DEPLOYMENT_TARGET = 10.11;
				MTL_ENABLE_DEBUG_INFO = NO;
				SDKROOT = macosx;
			};
			name = Release;
		};
		82250E661C7631F900DEEEB5 /* Debug */ = {
			isa = XCBuildConfiguration;
			buildSettings = {
				PRODUCT_NAME = "$(TARGET_NAME)";
			};
			name = Debug;
		};
		82250E671C7631F900DEEEB5 /* Release */ = {
			isa = XCBuildConfiguration;
			buildSettings = {
				PRODUCT_NAME = "$(TARGET_NAME)";
			};
			name = Release;
		};
/* End XCBuildConfiguration section */

/* Begin XCConfigurationList section */
		82250E591C7631F900DEEEB5 /* Build configuration list for PBXProject "ejercicios_sockets3" */ = {
			isa = XCConfigurationList;
			buildConfigurations = (
				82250E631C7631F900DEEEB5 /* Debug */,
				82250E641C7631F900DEEEB5 /* Release */,
			);
			defaultConfigurationIsVisible = 0;
			defaultConfigurationName = Release;
		};
		82250E651C7631F900DEEEB5 /* Build configuration list for PBXNativeTarget "ejercicios_sockets3" */ = {
			isa = XCConfigurationList;
			buildConfigurations = (
				82250E661C7631F900DEEEB5 /* Debug */,
				82250E671C7631F900DEEEB5 /* Release */,
			);
			defaultConfigurationIsVisible = 0;
		};
/* End XCConfigurationList section */
	};
	rootObject = 82250E561C7631F900DEEEB5 /* Project object */;
}
