// !$*UTF8*$!
{
	archiveVersion = 1;
	classes = {
	};
	objectVersion = 46;
	objects = {

/* Begin PBXBuildFile section */
		82C1CC5B1CBFF91E00585D54 /* main.c in Sources */ = {isa = PBXBuildFile; fileRef = 82C1CC5A1CBFF91E00585D54 /* main.c */; };
/* End PBXBuildFile section */

/* Begin PBXCopyFilesBuildPhase section */
		82C1CC551CBFF91E00585D54 /* CopyFiles */ = {
			isa = PBXCopyFilesBuildPhase;
			buildActionMask = 2147483647;
			dstPath = /usr/share/man/man1/;
			dstSubfolderSpec = 0;
			files = (
			);
			runOnlyForDeploymentPostprocessing = 1;
		};
/* End PBXCopyFilesBuildPhase section */

/* Begin PBXFileReference section */
		82C1CC571CBFF91E00585D54 /* ejercicio_openmp2 */ = {isa = PBXFileReference; explicitFileType = "compiled.mach-o.executable"; includeInIndex = 0; path = ejercicio_openmp2; sourceTree = BUILT_PRODUCTS_DIR; };
		82C1CC5A1CBFF91E00585D54 /* main.c */ = {isa = PBXFileReference; lastKnownFileType = sourcecode.c.c; path = main.c; sourceTree = "<group>"; };
/* End PBXFileReference section */

/* Begin PBXFrameworksBuildPhase section */
		82C1CC541CBFF91E00585D54 /* Frameworks */ = {
			isa = PBXFrameworksBuildPhase;
			buildActionMask = 2147483647;
			files = (
			);
			runOnlyForDeploymentPostprocessing = 0;
		};
/* End PBXFrameworksBuildPhase section */

/* Begin PBXGroup section */
		82C1CC4E1CBFF91E00585D54 = {
			isa = PBXGroup;
			children = (
				82C1CC591CBFF91E00585D54 /* ejercicio_openmp2 */,
				82C1CC581CBFF91E00585D54 /* Products */,
			);
			sourceTree = "<group>";
		};
		82C1CC581CBFF91E00585D54 /* Products */ = {
			isa = PBXGroup;
			children = (
				82C1CC571CBFF91E00585D54 /* ejercicio_openmp2 */,
			);
			name = Products;
			sourceTree = "<group>";
		};
		82C1CC591CBFF91E00585D54 /* ejercicio_openmp2 */ = {
			isa = PBXGroup;
			children = (
				82C1CC5A1CBFF91E00585D54 /* main.c */,
			);
			path = ejercicio_openmp2;
			sourceTree = "<group>";
		};
/* End PBXGroup section */

/* Begin PBXNativeTarget section */
		82C1CC561CBFF91E00585D54 /* ejercicio_openmp2 */ = {
			isa = PBXNativeTarget;
			buildConfigurationList = 82C1CC5E1CBFF91E00585D54 /* Build configuration list for PBXNativeTarget "ejercicio_openmp2" */;
			buildPhases = (
				82C1CC531CBFF91E00585D54 /* Sources */,
				82C1CC541CBFF91E00585D54 /* Frameworks */,
				82C1CC551CBFF91E00585D54 /* CopyFiles */,
			);
			buildRules = (
			);
			dependencies = (
			);
			name = ejercicio_openmp2;
			productName = ejercicio_openmp2;
			productReference = 82C1CC571CBFF91E00585D54 /* ejercicio_openmp2 */;
			productType = "com.apple.product-type.tool";
		};
/* End PBXNativeTarget section */

/* Begin PBXProject section */
		82C1CC4F1CBFF91E00585D54 /* Project object */ = {
			isa = PBXProject;
			attributes = {
				LastUpgradeCheck = 0720;
				ORGANIZATIONNAME = "Alejandro Herce";
				TargetAttributes = {
					82C1CC561CBFF91E00585D54 = {
						CreatedOnToolsVersion = 7.2;
					};
				};
			};
			buildConfigurationList = 82C1CC521CBFF91E00585D54 /* Build configuration list for PBXProject "ejercicio_openmp2" */;
			compatibilityVersion = "Xcode 3.2";
			developmentRegion = English;
			hasScannedForEncodings = 0;
			knownRegions = (
				en,
			);
			mainGroup = 82C1CC4E1CBFF91E00585D54;
			productRefGroup = 82C1CC581CBFF91E00585D54 /* Products */;
			projectDirPath = "";
			projectRoot = "";
			targets = (
				82C1CC561CBFF91E00585D54 /* ejercicio_openmp2 */,
			);
		};
/* End PBXProject section */

/* Begin PBXSourcesBuildPhase section */
		82C1CC531CBFF91E00585D54 /* Sources */ = {
			isa = PBXSourcesBuildPhase;
			buildActionMask = 2147483647;
			files = (
				82C1CC5B1CBFF91E00585D54 /* main.c in Sources */,
			);
			runOnlyForDeploymentPostprocessing = 0;
		};
/* End PBXSourcesBuildPhase section */

/* Begin XCBuildConfiguration section */
		82C1CC5C1CBFF91E00585D54 /* Debug */ = {
			isa = XCBuildConfiguration;
			buildSettings = {
				ALWAYS_SEARCH_USER_PATHS = NO;
				CLANG_CXX_LANGUAGE_STANDARD = "gnu++0x";
				CLANG_CXX_LIBRARY = "libc++";
				CLANG_ENABLE_MODULES = YES;
				CLANG_ENABLE_OBJC_ARC = YES;
				CLANG_WARN_BOOL_CONVERSION = YES;
				CLANG_WARN_CONSTANT_CONVERSION = YES;
				CLANG_WARN_DIRECT_OBJC_ISA_USAGE = YES_ERROR;
				CLANG_WARN_EMPTY_BODY = YES;
				CLANG_WARN_ENUM_CONVERSION = YES;
				CLANG_WARN_INT_CONVERSION = YES;
				CLANG_WARN_OBJC_ROOT_CLASS = YES_ERROR;
				CLANG_WARN_UNREACHABLE_CODE = YES;
				CLANG_WARN__DUPLICATE_METHOD_MATCH = YES;
				CODE_SIGN_IDENTITY = "-";
				COPY_PHASE_STRIP = NO;
				DEBUG_INFORMATION_FORMAT = dwarf;
				ENABLE_STRICT_OBJC_MSGSEND = YES;
				ENABLE_TESTABILITY = YES;
				GCC_C_LANGUAGE_STANDARD = gnu99;
				GCC_DYNAMIC_NO_PIC = NO;
				GCC_NO_COMMON_BLOCKS = YES;
				GCC_OPTIMIZATION_LEVEL = 0;
				GCC_PREPROCESSOR_DEFINITIONS = (
					"DEBUG=1",
					"$(inherited)",
				);
				GCC_WARN_64_TO_32_BIT_CONVERSION = YES;
				GCC_WARN_ABOUT_RETURN_TYPE = YES_ERROR;
				GCC_WARN_UNDECLARED_SELECTOR = YES;
				GCC_WARN_UNINITIALIZED_AUTOS = YES_AGGRESSIVE;
				GCC_WARN_UNUSED_FUNCTION = YES;
				GCC_WARN_UNUSED_VARIABLE = YES;
				MACOSX_DEPLOYMENT_TARGET = 10.11;
				MTL_ENABLE_DEBUG_INFO = YES;
				ONLY_ACTIVE_ARCH = YES;
				SDKROOT = macosx;
			};
			name = Debug;
		};
		82C1CC5D1CBFF91E00585D54 /* Release */ = {
			isa = XCBuildConfiguration;
			buildSettings = {
				ALWAYS_SEARCH_USER_PATHS = NO;
				CLANG_CXX_LANGUAGE_STANDARD = "gnu++0x";
				CLANG_CXX_LIBRARY = "libc++";
				CLANG_ENABLE_MODULES = YES;
				CLANG_ENABLE_OBJC_ARC = YES;
				CLANG_WARN_BOOL_CONVERSION = YES;
				CLANG_WARN_CONSTANT_CONVERSION = YES;
				CLANG_WARN_DIRECT_OBJC_ISA_USAGE = YES_ERROR;
				CLANG_WARN_EMPTY_BODY = YES;
				CLANG_WARN_ENUM_CONVERSION = YES;
				CLANG_WARN_INT_CONVERSION = YES;
				CLANG_WARN_OBJC_ROOT_CLASS = YES_ERROR;
				CLANG_WARN_UNREACHABLE_CODE = YES;
				CLANG_WARN__DUPLICATE_METHOD_MATCH = YES;
				CODE_SIGN_IDENTITY = "-";
				COPY_PHASE_STRIP = NO;
				DEBUG_INFORMATION_FORMAT = "dwarf-with-dsym";
				ENABLE_NS_ASSERTIONS = NO;
				ENABLE_STRICT_OBJC_MSGSEND = YES;
				GCC_C_LANGUAGE_STANDARD = gnu99;
				GCC_NO_COMMON_BLOCKS = YES;
				GCC_WARN_64_TO_32_BIT_CONVERSION = YES;
				GCC_WARN_ABOUT_RETURN_TYPE = YES_ERROR;
				GCC_WARN_UNDECLARED_SELECTOR = YES;
				GCC_WARN_UNINITIALIZED_AUTOS = YES_AGGRESSIVE;
				GCC_WARN_UNUSED_FUNCTION = YES;
				GCC_WARN_UNUSED_VARIABLE = YES;
				MACOSX_DEPLOYMENT_TARGET = 10.11;
				MTL_ENABLE_DEBUG_INFO = NO;
				SDKROOT = macosx;
			};
			name = Release;
		};
		82C1CC5F1CBFF91E00585D54 /* Debug */ = {
			isa = XCBuildConfiguration;
			buildSettings = {
				PRODUCT_NAME = "$(TARGET_NAME)";
			};
			name = Debug;
		};
		82C1CC601CBFF91E00585D54 /* Release */ = {
			isa = XCBuildConfiguration;
			buildSettings = {
				PRODUCT_NAME = "$(TARGET_NAME)";
			};
			name = Release;
		};
/* End XCBuildConfiguration section */

/* Begin XCConfigurationList section */
		82C1CC521CBFF91E00585D54 /* Build configuration list for PBXProject "ejercicio_openmp2" */ = {
			isa = XCConfigurationList;
			buildConfigurations = (
				82C1CC5C1CBFF91E00585D54 /* Debug */,
				82C1CC5D1CBFF91E00585D54 /* Release */,
			);
			defaultConfigurationIsVisible = 0;
			defaultConfigurationName = Release;
		};
		82C1CC5E1CBFF91E00585D54 /* Build configuration list for PBXNativeTarget "ejercicio_openmp2" */ = {
			isa = XCConfigurationList;
			buildConfigurations = (
				82C1CC5F1CBFF91E00585D54 /* Debug */,
				82C1CC601CBFF91E00585D54 /* Release */,
			);
			defaultConfigurationIsVisible = 0;
		};
/* End XCConfigurationList section */
	};
	rootObject = 82C1CC4F1CBFF91E00585D54 /* Project object */;
}
