// !$*UTF8*$!
{
	archiveVersion = 1;
	classes = {
	};
	objectVersion = 46;
	objects = {

/* Begin PBXBuildFile section */
		82188BCA1CBBF938002B9634 /* main.c in Sources */ = {isa = PBXBuildFile; fileRef = 82188BC91CBBF938002B9634 /* main.c */; };
/* End PBXBuildFile section */

/* Begin PBXCopyFilesBuildPhase section */
		82188BC41CBBF938002B9634 /* CopyFiles */ = {
			isa = PBXCopyFilesBuildPhase;
			buildActionMask = 2147483647;
			dstPath = /usr/share/man/man1/;
			dstSubfolderSpec = 0;
			files = (
			);
			runOnlyForDeploymentPostprocessing = 1;
		};
/* End PBXCopyFilesBuildPhase section */

/* Begin PBXFileReference section */
		82188BC61CBBF938002B9634 /* ejercicio_openmp1 */ = {isa = PBXFileReference; explicitFileType = "compiled.mach-o.executable"; includeInIndex = 0; path = ejercicio_openmp1; sourceTree = BUILT_PRODUCTS_DIR; };
		82188BC91CBBF938002B9634 /* main.c */ = {isa = PBXFileReference; lastKnownFileType = sourcecode.c.c; path = main.c; sourceTree = "<group>"; };
/* End PBXFileReference section */

/* Begin PBXFrameworksBuildPhase section */
		82188BC31CBBF938002B9634 /* Frameworks */ = {
			isa = PBXFrameworksBuildPhase;
			buildActionMask = 2147483647;
			files = (
			);
			runOnlyForDeploymentPostprocessing = 0;
		};
/* End PBXFrameworksBuildPhase section */

/* Begin PBXGroup section */
		82188BBD1CBBF938002B9634 = {
			isa = PBXGroup;
			children = (
				82188BC81CBBF938002B9634 /* ejercicio_openmp1 */,
				82188BC71CBBF938002B9634 /* Products */,
			);
			sourceTree = "<group>";
		};
		82188BC71CBBF938002B9634 /* Products */ = {
			isa = PBXGroup;
			children = (
				82188BC61CBBF938002B9634 /* ejercicio_openmp1 */,
			);
			name = Products;
			sourceTree = "<group>";
		};
		82188BC81CBBF938002B9634 /* ejercicio_openmp1 */ = {
			isa = PBXGroup;
			children = (
				82188BC91CBBF938002B9634 /* main.c */,
			);
			path = ejercicio_openmp1;
			sourceTree = "<group>";
		};
/* End PBXGroup section */

/* Begin PBXNativeTarget section */
		82188BC51CBBF938002B9634 /* ejercicio_openmp1 */ = {
			isa = PBXNativeTarget;
			buildConfigurationList = 82188BCD1CBBF938002B9634 /* Build configuration list for PBXNativeTarget "ejercicio_openmp1" */;
			buildPhases = (
				82188BC21CBBF938002B9634 /* Sources */,
				82188BC31CBBF938002B9634 /* Frameworks */,
				82188BC41CBBF938002B9634 /* CopyFiles */,
			);
			buildRules = (
			);
			dependencies = (
			);
			name = ejercicio_openmp1;
			productName = ejercicio_openmp1;
			productReference = 82188BC61CBBF938002B9634 /* ejercicio_openmp1 */;
			productType = "com.apple.product-type.tool";
		};
/* End PBXNativeTarget section */

/* Begin PBXProject section */
		82188BBE1CBBF938002B9634 /* Project object */ = {
			isa = PBXProject;
			attributes = {
				LastUpgradeCheck = 0720;
				ORGANIZATIONNAME = "Alejandro Herce";
				TargetAttributes = {
					82188BC51CBBF938002B9634 = {
						CreatedOnToolsVersion = 7.2;
					};
				};
			};
			buildConfigurationList = 82188BC11CBBF938002B9634 /* Build configuration list for PBXProject "ejercicio_openmp1" */;
			compatibilityVersion = "Xcode 3.2";
			developmentRegion = English;
			hasScannedForEncodings = 0;
			knownRegions = (
				en,
			);
			mainGroup = 82188BBD1CBBF938002B9634;
			productRefGroup = 82188BC71CBBF938002B9634 /* Products */;
			projectDirPath = "";
			projectRoot = "";
			targets = (
				82188BC51CBBF938002B9634 /* ejercicio_openmp1 */,
			);
		};
/* End PBXProject section */

/* Begin PBXSourcesBuildPhase section */
		82188BC21CBBF938002B9634 /* Sources */ = {
			isa = PBXSourcesBuildPhase;
			buildActionMask = 2147483647;
			files = (
				82188BCA1CBBF938002B9634 /* main.c in Sources */,
			);
			runOnlyForDeploymentPostprocessing = 0;
		};
/* End PBXSourcesBuildPhase section */

/* Begin XCBuildConfiguration section */
		82188BCB1CBBF938002B9634 /* Debug */ = {
			isa = XCBuildConfiguration;
			buildSettings = {
				ALWAYS_SEARCH_USER_PATHS = NO;
				CLANG_CXX_LANGUAGE_STANDARD = "gnu++0x";
				CLANG_CXX_LIBRARY = "libc++";
				CLANG_ENABLE_MODULES = YES;
				CLANG_ENABLE_OBJC_ARC = YES;
				CLANG_WARN_BOOL_CONVERSION = YES;
				CLANG_WARN_CONSTANT_CONVERSION = YES;
				CLANG_WARN_DIRECT_OBJC_ISA_USAGE = YES_ERROR;
				CLANG_WARN_EMPTY_BODY = YES;
				CLANG_WARN_ENUM_CONVERSION = YES;
				CLANG_WARN_INT_CONVERSION = YES;
				CLANG_WARN_OBJC_ROOT_CLASS = YES_ERROR;
				CLANG_WARN_UNREACHABLE_CODE = YES;
				CLANG_WARN__DUPLICATE_METHOD_MATCH = YES;
				CODE_SIGN_IDENTITY = "-";
				COPY_PHASE_STRIP = NO;
				DEBUG_INFORMATION_FORMAT = dwarf;
				ENABLE_STRICT_OBJC_MSGSEND = YES;
				ENABLE_TESTABILITY = YES;
				GCC_C_LANGUAGE_STANDARD = gnu99;
				GCC_DYNAMIC_NO_PIC = NO;
				GCC_NO_COMMON_BLOCKS = YES;
				GCC_OPTIMIZATION_LEVEL = 0;
				GCC_PREPROCESSOR_DEFINITIONS = (
					"DEBUG=1",
					"$(inherited)",
				);
				GCC_WARN_64_TO_32_BIT_CONVERSION = YES;
				GCC_WARN_ABOUT_RETURN_TYPE = YES_ERROR;
				GCC_WARN_UNDECLARED_SELECTOR = YES;
				GCC_WARN_UNINITIALIZED_AUTOS = YES_AGGRESSIVE;
				GCC_WARN_UNUSED_FUNCTION = YES;
				GCC_WARN_UNUSED_VARIABLE = YES;
				MACOSX_DEPLOYMENT_TARGET = 10.11;
				MTL_ENABLE_DEBUG_INFO = YES;
				ONLY_ACTIVE_ARCH = YES;
				SDKROOT = macosx;
			};
			name = Debug;
		};
		82188BCC1CBBF938002B9634 /* Release */ = {
			isa = XCBuildConfiguration;
			buildSettings = {
				ALWAYS_SEARCH_USER_PATHS = NO;
				CLANG_CXX_LANGUAGE_STANDARD = "gnu++0x";
				CLANG_CXX_LIBRARY = "libc++";
				CLANG_ENABLE_MODULES = YES;
				CLANG_ENABLE_OBJC_ARC = YES;
				CLANG_WARN_BOOL_CONVERSION = YES;
				CLANG_WARN_CONSTANT_CONVERSION = YES;
				CLANG_WARN_DIRECT_OBJC_ISA_USAGE = YES_ERROR;
				CLANG_WARN_EMPTY_BODY = YES;
				CLANG_WARN_ENUM_CONVERSION = YES;
				CLANG_WARN_INT_CONVERSION = YES;
				CLANG_WARN_OBJC_ROOT_CLASS = YES_ERROR;
				CLANG_WARN_UNREACHABLE_CODE = YES;
				CLANG_WARN__DUPLICATE_METHOD_MATCH = YES;
				CODE_SIGN_IDENTITY = "-";
				COPY_PHASE_STRIP = NO;
				DEBUG_INFORMATION_FORMAT = "dwarf-with-dsym";
				ENABLE_NS_ASSERTIONS = NO;
				ENABLE_STRICT_OBJC_MSGSEND = YES;
				GCC_C_LANGUAGE_STANDARD = gnu99;
				GCC_NO_COMMON_BLOCKS = YES;
				GCC_WARN_64_TO_32_BIT_CONVERSION = YES;
				GCC_WARN_ABOUT_RETURN_TYPE = YES_ERROR;
				GCC_WARN_UNDECLARED_SELECTOR = YES;
				GCC_WARN_UNINITIALIZED_AUTOS = YES_AGGRESSIVE;
				GCC_WARN_UNUSED_FUNCTION = YES;
				GCC_WARN_UNUSED_VARIABLE = YES;
				MACOSX_DEPLOYMENT_TARGET = 10.11;
				MTL_ENABLE_DEBUG_INFO = NO;
				SDKROOT = macosx;
			};
			name = Release;
		};
		82188BCE1CBBF938002B9634 /* Debug */ = {
			isa = XCBuildConfiguration;
			buildSettings = {
				PRODUCT_NAME = "$(TARGET_NAME)";
			};
			name = Debug;
		};
		82188BCF1CBBF938002B9634 /* Release */ = {
			isa = XCBuildConfiguration;
			buildSettings = {
				PRODUCT_NAME = "$(TARGET_NAME)";
			};
			name = Release;
		};
/* End XCBuildConfiguration section */

/* Begin XCConfigurationList section */
		82188BC11CBBF938002B9634 /* Build configuration list for PBXProject "ejercicio_openmp1" */ = {
			isa = XCConfigurationList;
			buildConfigurations = (
				82188BCB1CBBF938002B9634 /* Debug */,
				82188BCC1CBBF938002B9634 /* Release */,
			);
			defaultConfigurationIsVisible = 0;
			defaultConfigurationName = Release;
		};
		82188BCD1CBBF938002B9634 /* Build configuration list for PBXNativeTarget "ejercicio_openmp1" */ = {
			isa = XCConfigurationList;
			buildConfigurations = (
				82188BCE1CBBF938002B9634 /* Debug */,
				82188BCF1CBBF938002B9634 /* Release */,
			);
			defaultConfigurationIsVisible = 0;
		};
/* End XCConfigurationList section */
	};
	rootObject = 82188BBE1CBBF938002B9634 /* Project object */;
}
