// !$*UTF8*$!
{
	archiveVersion = 1;
	classes = {
	};
	objectVersion = 46;
	objects = {

/* Begin PBXBuildFile section */
		82EB19431CE4B6DF00D3C5BD /* main.c in Sources */ = {isa = PBXBuildFile; fileRef = 82EB19421CE4B6DF00D3C5BD /* main.c */; };
/* End PBXBuildFile section */

/* Begin PBXCopyFilesBuildPhase section */
		82EB193D1CE4B6DF00D3C5BD /* CopyFiles */ = {
			isa = PBXCopyFilesBuildPhase;
			buildActionMask = 2147483647;
			dstPath = /usr/share/man/man1/;
			dstSubfolderSpec = 0;
			files = (
			);
			runOnlyForDeploymentPostprocessing = 1;
		};
/* End PBXCopyFilesBuildPhase section */

/* Begin PBXFileReference section */
		82EB193F1CE4B6DF00D3C5BD /* ExamenFinal */ = {isa = PBXFileReference; explicitFileType = "compiled.mach-o.executable"; includeInIndex = 0; path = ExamenFinal; sourceTree = BUILT_PRODUCTS_DIR; };
		82EB19421CE4B6DF00D3C5BD /* main.c */ = {isa = PBXFileReference; lastKnownFileType = sourcecode.c.c; path = main.c; sourceTree = "<group>"; };
/* End PBXFileReference section */

/* Begin PBXFrameworksBuildPhase section */
		82EB193C1CE4B6DF00D3C5BD /* Frameworks */ = {
			isa = PBXFrameworksBuildPhase;
			buildActionMask = 2147483647;
			files = (
			);
			runOnlyForDeploymentPostprocessing = 0;
		};
/* End PBXFrameworksBuildPhase section */

/* Begin PBXGroup section */
		82EB19361CE4B6DF00D3C5BD = {
			isa = PBXGroup;
			children = (
				82EB19411CE4B6DF00D3C5BD /* ExamenFinal */,
				82EB19401CE4B6DF00D3C5BD /* Products */,
			);
			sourceTree = "<group>";
		};
		82EB19401CE4B6DF00D3C5BD /* Products */ = {
			isa = PBXGroup;
			children = (
				82EB193F1CE4B6DF00D3C5BD /* ExamenFinal */,
			);
			name = Products;
			sourceTree = "<group>";
		};
		82EB19411CE4B6DF00D3C5BD /* ExamenFinal */ = {
			isa = PBXGroup;
			children = (
				82EB19421CE4B6DF00D3C5BD /* main.c */,
			);
			path = ExamenFinal;
			sourceTree = "<group>";
		};
/* End PBXGroup section */

/* Begin PBXNativeTarget section */
		82EB193E1CE4B6DF00D3C5BD /* ExamenFinal */ = {
			isa = PBXNativeTarget;
			buildConfigurationList = 82EB19461CE4B6DF00D3C5BD /* Build configuration list for PBXNativeTarget "ExamenFinal" */;
			buildPhases = (
				82EB193B1CE4B6DF00D3C5BD /* Sources */,
				82EB193C1CE4B6DF00D3C5BD /* Frameworks */,
				82EB193D1CE4B6DF00D3C5BD /* CopyFiles */,
			);
			buildRules = (
			);
			dependencies = (
			);
			name = ExamenFinal;
			productName = ExamenFinal;
			productReference = 82EB193F1CE4B6DF00D3C5BD /* ExamenFinal */;
			productType = "com.apple.product-type.tool";
		};
/* End PBXNativeTarget section */

/* Begin PBXProject section */
		82EB19371CE4B6DF00D3C5BD /* Project object */ = {
			isa = PBXProject;
			attributes = {
				LastUpgradeCheck = 0730;
				ORGANIZATIONNAME = "Alejandro Herce";
				TargetAttributes = {
					82EB193E1CE4B6DF00D3C5BD = {
						CreatedOnToolsVersion = 7.3;
					};
				};
			};
			buildConfigurationList = 82EB193A1CE4B6DF00D3C5BD /* Build configuration list for PBXProject "ExamenFinal" */;
			compatibilityVersion = "Xcode 3.2";
			developmentRegion = English;
			hasScannedForEncodings = 0;
			knownRegions = (
				en,
			);
			mainGroup = 82EB19361CE4B6DF00D3C5BD;
			productRefGroup = 82EB19401CE4B6DF00D3C5BD /* Products */;
			projectDirPath = "";
			projectRoot = "";
			targets = (
				82EB193E1CE4B6DF00D3C5BD /* ExamenFinal */,
			);
		};
/* End PBXProject section */

/* Begin PBXSourcesBuildPhase section */
		82EB193B1CE4B6DF00D3C5BD /* Sources */ = {
			isa = PBXSourcesBuildPhase;
			buildActionMask = 2147483647;
			files = (
				82EB19431CE4B6DF00D3C5BD /* main.c in Sources */,
			);
			runOnlyForDeploymentPostprocessing = 0;
		};
/* End PBXSourcesBuildPhase section */

/* Begin XCBuildConfiguration section */
		82EB19441CE4B6DF00D3C5BD /* Debug */ = {
			isa = XCBuildConfiguration;
			buildSettings = {
				ALWAYS_SEARCH_USER_PATHS = NO;
				CLANG_ANALYZER_NONNULL = YES;
				CLANG_CXX_LANGUAGE_STANDARD = "gnu++0x";
				CLANG_CXX_LIBRARY = "libc++";
				CLANG_ENABLE_MODULES = YES;
				CLANG_ENABLE_OBJC_ARC = YES;
				CLANG_WARN_BOOL_CONVERSION = YES;
				CLANG_WARN_CONSTANT_CONVERSION = YES;
				CLANG_WARN_DIRECT_OBJC_ISA_USAGE = YES_ERROR;
				CLANG_WARN_EMPTY_BODY = YES;
				CLANG_WARN_ENUM_CONVERSION = YES;
				CLANG_WARN_INT_CONVERSION = YES;
				CLANG_WARN_OBJC_ROOT_CLASS = YES_ERROR;
				CLANG_WARN_UNREACHABLE_CODE = YES;
				CLANG_WARN__DUPLICATE_METHOD_MATCH = YES;
				CODE_SIGN_IDENTITY = "-";
				COPY_PHASE_STRIP = NO;
				DEBUG_INFORMATION_FORMAT = dwarf;
				ENABLE_STRICT_OBJC_MSGSEND = YES;
				ENABLE_TESTABILITY = YES;
				GCC_C_LANGUAGE_STANDARD = gnu99;
				GCC_DYNAMIC_NO_PIC = NO;
				GCC_NO_COMMON_BLOCKS = YES;
				GCC_OPTIMIZATION_LEVEL = 0;
				GCC_PREPROCESSOR_DEFINITIONS = (
					"DEBUG=1",
					"$(inherited)",
				);
				GCC_WARN_64_TO_32_BIT_CONVERSION = YES;
				GCC_WARN_ABOUT_RETURN_TYPE = YES_ERROR;
				GCC_WARN_UNDECLARED_SELECTOR = YES;
				GCC_WARN_UNINITIALIZED_AUTOS = YES_AGGRESSIVE;
				GCC_WARN_UNUSED_FUNCTION = YES;
				GCC_WARN_UNUSED_VARIABLE = YES;
				MACOSX_DEPLOYMENT_TARGET = 10.11;
				MTL_ENABLE_DEBUG_INFO = YES;
				ONLY_ACTIVE_ARCH = YES;
				SDKROOT = macosx;
			};
			name = Debug;
		};
		82EB19451CE4B6DF00D3C5BD /* Release */ = {
			isa = XCBuildConfiguration;
			buildSettings = {
				ALWAYS_SEARCH_USER_PATHS = NO;
				CLANG_ANALYZER_NONNULL = YES;
				CLANG_CXX_LANGUAGE_STANDARD = "gnu++0x";
				CLANG_CXX_LIBRARY = "libc++";
				CLANG_ENABLE_MODULES = YES;
				CLANG_ENABLE_OBJC_ARC = YES;
				CLANG_WARN_BOOL_CONVERSION = YES;
				CLANG_WARN_CONSTANT_CONVERSION = YES;
				CLANG_WARN_DIRECT_OBJC_ISA_USAGE = YES_ERROR;
				CLANG_WARN_EMPTY_BODY = YES;
				CLANG_WARN_ENUM_CONVERSION = YES;
				CLANG_WARN_INT_CONVERSION = YES;
				CLANG_WARN_OBJC_ROOT_CLASS = YES_ERROR;
				CLANG_WARN_UNREACHABLE_CODE = YES;
				CLANG_WARN__DUPLICATE_METHOD_MATCH = YES;
				CODE_SIGN_IDENTITY = "-";
				COPY_PHASE_STRIP = NO;
				DEBUG_INFORMATION_FORMAT = "dwarf-with-dsym";
				ENABLE_NS_ASSERTIONS = NO;
				ENABLE_STRICT_OBJC_MSGSEND = YES;
				GCC_C_LANGUAGE_STANDARD = gnu99;
				GCC_NO_COMMON_BLOCKS = YES;
				GCC_WARN_64_TO_32_BIT_CONVERSION = YES;
				GCC_WARN_ABOUT_RETURN_TYPE = YES_ERROR;
				GCC_WARN_UNDECLARED_SELECTOR = YES;
				GCC_WARN_UNINITIALIZED_AUTOS = YES_AGGRESSIVE;
				GCC_WARN_UNUSED_FUNCTION = YES;
				GCC_WARN_UNUSED_VARIABLE = YES;
				MACOSX_DEPLOYMENT_TARGET = 10.11;
				MTL_ENABLE_DEBUG_INFO = NO;
				SDKROOT = macosx;
			};
			name = Release;
		};
		82EB19471CE4B6DF00D3C5BD /* Debug */ = {
			isa = XCBuildConfiguration;
			buildSettings = {
				PRODUCT_NAME = "$(TARGET_NAME)";
			};
			name = Debug;
		};
		82EB19481CE4B6DF00D3C5BD /* Release */ = {
			isa = XCBuildConfiguration;
			buildSettings = {
				PRODUCT_NAME = "$(TARGET_NAME)";
			};
			name = Release;
		};
/* End XCBuildConfiguration section */

/* Begin XCConfigurationList section */
		82EB193A1CE4B6DF00D3C5BD /* Build configuration list for PBXProject "ExamenFinal" */ = {
			isa = XCConfigurationList;
			buildConfigurations = (
				82EB19441CE4B6DF00D3C5BD /* Debug */,
				82EB19451CE4B6DF00D3C5BD /* Release */,
			);
			defaultConfigurationIsVisible = 0;
			defaultConfigurationName = Release;
		};
		82EB19461CE4B6DF00D3C5BD /* Build configuration list for PBXNativeTarget "ExamenFinal" */ = {
			isa = XCConfigurationList;
			buildConfigurations = (
				82EB19471CE4B6DF00D3C5BD /* Debug */,
				82EB19481CE4B6DF00D3C5BD /* Release */,
			);
			defaultConfigurationIsVisible = 0;
		};
/* End XCConfigurationList section */
	};
	rootObject = 82EB19371CE4B6DF00D3C5BD /* Project object */;
}
